// !$*UTF8*$!
{
	archiveVersion = 1;
	classes = {
	};
	objectVersion = 56;
	objects = {

/* Begin PBXBuildFile section */
		151E23962AD71966000DD3AE /* FriendsGivingApp.swift in Sources */ = {isa = PBXBuildFile; fileRef = 151E23952AD71966000DD3AE /* FriendsGivingApp.swift */; };
		151E23982AD71966000DD3AE /* ListView.swift in Sources */ = {isa = PBXBuildFile; fileRef = 151E23972AD71966000DD3AE /* ListView.swift */; };
		151E239A2AD71967000DD3AE /* Assets.xcassets in Resources */ = {isa = PBXBuildFile; fileRef = 151E23992AD71967000DD3AE /* Assets.xcassets */; };
		151E239D2AD71967000DD3AE /* Preview Assets.xcassets in Resources */ = {isa = PBXBuildFile; fileRef = 151E239C2AD71967000DD3AE /* Preview Assets.xcassets */; };
		151E23A82AD71E07000DD3AE /* Friend.swift in Sources */ = {isa = PBXBuildFile; fileRef = 151E23A72AD71E07000DD3AE /* Friend.swift */; };
		151E23AA2AD72282000DD3AE /* FriendsViewModel.swift in Sources */ = {isa = PBXBuildFile; fileRef = 151E23A92AD72282000DD3AE /* FriendsViewModel.swift */; };
		151E23AC2AD72684000DD3AE /* DetailView.swift in Sources */ = {isa = PBXBuildFile; fileRef = 151E23AB2AD72684000DD3AE /* DetailView.swift */; };
/* End PBXBuildFile section */

/* Begin PBXFileReference section */
		151E23922AD71966000DD3AE /* FriendsGiving.app */ = {isa = PBXFileReference; explicitFileType = wrapper.application; includeInIndex = 0; path = FriendsGiving.app; sourceTree = BUILT_PRODUCTS_DIR; };
		151E23952AD71966000DD3AE /* FriendsGivingApp.swift */ = {isa = PBXFileReference; lastKnownFileType = sourcecode.swift; path = FriendsGivingApp.swift; sourceTree = "<group>"; };
		151E23972AD71966000DD3AE /* ListView.swift */ = {isa = PBXFileReference; lastKnownFileType = sourcecode.swift; path = ListView.swift; sourceTree = "<group>"; };
		151E23992AD71967000DD3AE /* Assets.xcassets */ = {isa = PBXFileReference; lastKnownFileType = folder.assetcatalog; path = Assets.xcassets; sourceTree = "<group>"; };
		151E239C2AD71967000DD3AE /* Preview Assets.xcassets */ = {isa = PBXFileReference; lastKnownFileType = folder.assetcatalog; path = "Preview Assets.xcassets"; sourceTree = "<group>"; };
		151E23A32AD71BBA000DD3AE /* Info.plist */ = {isa = PBXFileReference; lastKnownFileType = text.plist; path = Info.plist; sourceTree = "<group>"; };
		151E23A72AD71E07000DD3AE /* Friend.swift */ = {isa = PBXFileReference; lastKnownFileType = sourcecode.swift; path = Friend.swift; sourceTree = "<group>"; };
		151E23A92AD72282000DD3AE /* FriendsViewModel.swift */ = {isa = PBXFileReference; lastKnownFileType = sourcecode.swift; path = FriendsViewModel.swift; sourceTree = "<group>"; };
		151E23AB2AD72684000DD3AE /* DetailView.swift */ = {isa = PBXFileReference; lastKnownFileType = sourcecode.swift; path = DetailView.swift; sourceTree = "<group>"; };
/* End PBXFileReference section */

/* Begin PBXFrameworksBuildPhase section */
		151E238F2AD71966000DD3AE /* Frameworks */ = {
			isa = PBXFrameworksBuildPhase;
			buildActionMask = 2147483647;
			files = (
			);
			runOnlyForDeploymentPostprocessing = 0;
		};
/* End PBXFrameworksBuildPhase section */

/* Begin PBXGroup section */
		151E23892AD71966000DD3AE = {
			isa = PBXGroup;
			children = (
				151E23942AD71966000DD3AE /* FriendsGiving */,
				151E23932AD71966000DD3AE /* Products */,
			);
			sourceTree = "<group>";
		};
		151E23932AD71966000DD3AE /* Products */ = {
			isa = PBXGroup;
			children = (
				151E23922AD71966000DD3AE /* FriendsGiving.app */,
			);
			name = Products;
			sourceTree = "<group>";
		};
		151E23942AD71966000DD3AE /* FriendsGiving */ = {
			isa = PBXGroup;
			children = (
				151E23A32AD71BBA000DD3AE /* Info.plist */,
				151E23952AD71966000DD3AE /* FriendsGivingApp.swift */,
				151E23A42AD71D05000DD3AE /* Model */,
				151E23A52AD71D18000DD3AE /* View */,
				151E23A62AD71D23000DD3AE /* ViewModel */,
				151E23992AD71967000DD3AE /* Assets.xcassets */,
				151E239B2AD71967000DD3AE /* Preview Content */,
			);
			path = FriendsGiving;
			sourceTree = "<group>";
		};
		151E239B2AD71967000DD3AE /* Preview Content */ = {
			isa = PBXGroup;
			children = (
				151E239C2AD71967000DD3AE /* Preview Assets.xcassets */,
			);
			path = "Preview Content";
			sourceTree = "<group>";
		};
		151E23A42AD71D05000DD3AE /* Model */ = {
			isa = PBXGroup;
			children = (
				151E23A72AD71E07000DD3AE /* Friend.swift */,
			);
			path = Model;
			sourceTree = "<group>";
		};
		151E23A52AD71D18000DD3AE /* View */ = {
			isa = PBXGroup;
			children = (
				151E23972AD71966000DD3AE /* ListView.swift */,
				151E23AB2AD72684000DD3AE /* DetailView.swift */,
			);
			path = View;
			sourceTree = "<group>";
		};
		151E23A62AD71D23000DD3AE /* ViewModel */ = {
			isa = PBXGroup;
			children = (
				151E23A92AD72282000DD3AE /* FriendsViewModel.swift */,
			);
			path = ViewModel;
			sourceTree = "<group>";
		};
/* End PBXGroup section */

/* Begin PBXNativeTarget section */
		151E23912AD71966000DD3AE /* FriendsGiving */ = {
			isa = PBXNativeTarget;
			buildConfigurationList = 151E23A02AD71967000DD3AE /* Build configuration list for PBXNativeTarget "FriendsGiving" */;
			buildPhases = (
				151E238E2AD71966000DD3AE /* Sources */,
				151E238F2AD71966000DD3AE /* Frameworks */,
				151E23902AD71966000DD3AE /* Resources */,
			);
			buildRules = (
			);
			dependencies = (
			);
			name = FriendsGiving;
			productName = FriendsGiving;
			productReference = 151E23922AD71966000DD3AE /* FriendsGiving.app */;
			productType = "com.apple.product-type.application";
		};
/* End PBXNativeTarget section */

/* Begin PBXProject section */
		151E238A2AD71966000DD3AE /* Project object */ = {
			isa = PBXProject;
			attributes = {
				BuildIndependentTargetsInParallel = 1;
				LastSwiftUpdateCheck = 1420;
				LastUpgradeCheck = 1420;
				TargetAttributes = {
					151E23912AD71966000DD3AE = {
						CreatedOnToolsVersion = 14.2;
					};
				};
			};
			buildConfigurationList = 151E238D2AD71966000DD3AE /* Build configuration list for PBXProject "FriendsGiving" */;
			compatibilityVersion = "Xcode 14.0";
			developmentRegion = en;
			hasScannedForEncodings = 0;
			knownRegions = (
				en,
				Base,
			);
			mainGroup = 151E23892AD71966000DD3AE;
			productRefGroup = 151E23932AD71966000DD3AE /* Products */;
			projectDirPath = "";
			projectRoot = "";
			targets = (
				151E23912AD71966000DD3AE /* FriendsGiving */,
			);
		};
/* End PBXProject section */

/* Begin PBXResourcesBuildPhase section */
		151E23902AD71966000DD3AE /* Resources */ = {
			isa = PBXResourcesBuildPhase;
			buildActionMask = 2147483647;
			files = (
				151E239D2AD71967000DD3AE /* Preview Assets.xcassets in Resources */,
				151E239A2AD71967000DD3AE /* Assets.xcassets in Resources */,
			);
			runOnlyForDeploymentPostprocessing = 0;
		};
/* End PBXResourcesBuildPhase section */

/* Begin PBXSourcesBuildPhase section */
		151E238E2AD71966000DD3AE /* Sources */ = {
			isa = PBXSourcesBuildPhase;
			buildActionMask = 2147483647;
			files = (
				151E23AA2AD72282000DD3AE /* FriendsViewModel.swift in Sources */,
				151E23A82AD71E07000DD3AE /* Friend.swift in Sources */,
				151E23982AD71966000DD3AE /* ListView.swift in Sources */,
				151E23AC2AD72684000DD3AE /* DetailView.swift in Sources */,
				151E23962AD71966000DD3AE /* FriendsGivingApp.swift in Sources */,
			);
			runOnlyForDeploymentPostprocessing = 0;
		};
/* End PBXSourcesBuildPhase section */

/* Begin XCBuildConfiguration section */
		151E239E2AD71967000DD3AE /* Debug */ = {
			isa = XCBuildConfiguration;
			buildSettings = {
				ALWAYS_SEARCH_USER_PATHS = NO;
				CLANG_ANALYZER_NONNULL = YES;
				CLANG_ANALYZER_NUMBER_OBJECT_CONVERSION = YES_AGGRESSIVE;
				CLANG_CXX_LANGUAGE_STANDARD = "gnu++20";
				CLANG_ENABLE_MODULES = YES;
				CLANG_ENABLE_OBJC_ARC = YES;
				CLANG_ENABLE_OBJC_WEAK = YES;
				CLANG_WARN_BLOCK_CAPTURE_AUTORELEASING = YES;
				CLANG_WARN_BOOL_CONVERSION = YES;
				CLANG_WARN_COMMA = YES;
				CLANG_WARN_CONSTANT_CONVERSION = YES;
				CLANG_WARN_DEPRECATED_OBJC_IMPLEMENTATIONS = YES;
				CLANG_WARN_DIRECT_OBJC_ISA_USAGE = YES_ERROR;
				CLANG_WARN_DOCUMENTATION_COMMENTS = YES;
				CLANG_WARN_EMPTY_BODY = YES;
				CLANG_WARN_ENUM_CONVERSION = YES;
				CLANG_WARN_INFINITE_RECURSION = YES;
				CLANG_WARN_INT_CONVERSION = YES;
				CLANG_WARN_NON_LITERAL_NULL_CONVERSION = YES;
				CLANG_WARN_OBJC_IMPLICIT_RETAIN_SELF = YES;
				CLANG_WARN_OBJC_LITERAL_CONVERSION = YES;
				CLANG_WARN_OBJC_ROOT_CLASS = YES_ERROR;
				CLANG_WARN_QUOTED_INCLUDE_IN_FRAMEWORK_HEADER = YES;
				CLANG_WARN_RANGE_LOOP_ANALYSIS = YES;
				CLANG_WARN_STRICT_PROTOTYPES = YES;
				CLANG_WARN_SUSPICIOUS_MOVE = YES;
				CLANG_WARN_UNGUARDED_AVAILABILITY = YES_AGGRESSIVE;
				CLANG_WARN_UNREACHABLE_CODE = YES;
				CLANG_WARN__DUPLICATE_METHOD_MATCH = YES;
				COPY_PHASE_STRIP = NO;
				DEBUG_INFORMATION_FORMAT = dwarf;
				ENABLE_STRICT_OBJC_MSGSEND = YES;
				ENABLE_TESTABILITY = YES;
				GCC_C_LANGUAGE_STANDARD = gnu11;
				GCC_DYNAMIC_NO_PIC = NO;
				GCC_NO_COMMON_BLOCKS = YES;
				GCC_OPTIMIZATION_LEVEL = 0;
				GCC_PREPROCESSOR_DEFINITIONS = (
					"DEBUG=1",
					"$(inherited)",
				);
				GCC_WARN_64_TO_32_BIT_CONVERSION = YES;
				GCC_WARN_ABOUT_RETURN_TYPE = YES_ERROR;
				GCC_WARN_UNDECLARED_SELECTOR = YES;
				GCC_WARN_UNINITIALIZED_AUTOS = YES_AGGRESSIVE;
				GCC_WARN_UNUSED_FUNCTION = YES;
				GCC_WARN_UNUSED_VARIABLE = YES;
				IPHONEOS_DEPLOYMENT_TARGET = 16.2;
				MTL_ENABLE_DEBUG_INFO = INCLUDE_SOURCE;
				MTL_FAST_MATH = YES;
				ONLY_ACTIVE_ARCH = YES;
				SDKROOT = iphoneos;
				SWIFT_ACTIVE_COMPILATION_CONDITIONS = DEBUG;
				SWIFT_OPTIMIZATION_LEVEL = "-Onone";
			};
			name = Debug;
		};
		151E239F2AD71967000DD3AE /* Release */ = {
			isa = XCBuildConfiguration;
			buildSettings = {
				ALWAYS_SEARCH_USER_PATHS = NO;
				CLANG_ANALYZER_NONNULL = YES;
				CLANG_ANALYZER_NUMBER_OBJECT_CONVERSION = YES_AGGRESSIVE;
				CLANG_CXX_LANGUAGE_STANDARD = "gnu++20";
				CLANG_ENABLE_MODULES = YES;
				CLANG_ENABLE_OBJC_ARC = YES;
				CLANG_ENABLE_OBJC_WEAK = YES;
				CLANG_WARN_BLOCK_CAPTURE_AUTORELEASING = YES;
				CLANG_WARN_BOOL_CONVERSION = YES;
				CLANG_WARN_COMMA = YES;
				CLANG_WARN_CONSTANT_CONVERSION = YES;
				CLANG_WARN_DEPRECATED_OBJC_IMPLEMENTATIONS = YES;
				CLANG_WARN_DIRECT_OBJC_ISA_USAGE = YES_ERROR;
				CLANG_WARN_DOCUMENTATION_COMMENTS = YES;
				CLANG_WARN_EMPTY_BODY = YES;
				CLANG_WARN_ENUM_CONVERSION = YES;
				CLANG_WARN_INFINITE_RECURSION = YES;
				CLANG_WARN_INT_CONVERSION = YES;
				CLANG_WARN_NON_LITERAL_NULL_CONVERSION = YES;
				CLANG_WARN_OBJC_IMPLICIT_RETAIN_SELF = YES;
				CLANG_WARN_OBJC_LITERAL_CONVERSION = YES;
				CLANG_WARN_OBJC_ROOT_CLASS = YES_ERROR;
				CLANG_WARN_QUOTED_INCLUDE_IN_FRAMEWORK_HEADER = YES;
				CLANG_WARN_RANGE_LOOP_ANALYSIS = YES;
				CLANG_WARN_STRICT_PROTOTYPES = YES;
				CLANG_WARN_SUSPICIOUS_MOVE = YES;
				CLANG_WARN_UNGUARDED_AVAILABILITY = YES_AGGRESSIVE;
				CLANG_WARN_UNREACHABLE_CODE = YES;
				CLANG_WARN__DUPLICATE_METHOD_MATCH = YES;
				COPY_PHASE_STRIP = NO;
				DEBUG_INFORMATION_FORMAT = "dwarf-with-dsym";
				ENABLE_NS_ASSERTIONS = NO;
				ENABLE_STRICT_OBJC_MSGSEND = YES;
				GCC_C_LANGUAGE_STANDARD = gnu11;
				GCC_NO_COMMON_BLOCKS = YES;
				GCC_WARN_64_TO_32_BIT_CONVERSION = YES;
				GCC_WARN_ABOUT_RETURN_TYPE = YES_ERROR;
				GCC_WARN_UNDECLARED_SELECTOR = YES;
				GCC_WARN_UNINITIALIZED_AUTOS = YES_AGGRESSIVE;
				GCC_WARN_UNUSED_FUNCTION = YES;
				GCC_WARN_UNUSED_VARIABLE = YES;
				IPHONEOS_DEPLOYMENT_TARGET = 16.2;
				MTL_ENABLE_DEBUG_INFO = NO;
				MTL_FAST_MATH = YES;
				SDKROOT = iphoneos;
				SWIFT_COMPILATION_MODE = wholemodule;
				SWIFT_OPTIMIZATION_LEVEL = "-O";
				VALIDATE_PRODUCT = YES;
			};
			name = Release;
		};
		151E23A12AD71967000DD3AE /* Debug */ = {
			isa = XCBuildConfiguration;
			buildSettings = {
				ASSETCATALOG_COMPILER_APPICON_NAME = AppIcon;
				ASSETCATALOG_COMPILER_GLOBAL_ACCENT_COLOR_NAME = AccentColor;
				CODE_SIGN_STYLE = Automatic;
				CURRENT_PROJECT_VERSION = 1;
				DEVELOPMENT_ASSET_PATHS = "\"FriendsGiving/Preview Content\"";
				ENABLE_PREVIEWS = YES;
				GENERATE_INFOPLIST_FILE = YES;
				INFOPLIST_FILE = FriendsGiving/Info.plist;
				INFOPLIST_KEY_UIApplicationSceneManifest_Generation = YES;
				INFOPLIST_KEY_UIApplicationSupportsIndirectInputEvents = YES;
				INFOPLIST_KEY_UISupportedInterfaceOrientations_iPad = "UIInterfaceOrientationPortrait UIInterfaceOrientationPortraitUpsideDown UIInterfaceOrientationLandscapeLeft UIInterfaceOrientationLandscapeRight";
				INFOPLIST_KEY_UISupportedInterfaceOrientations_iPhone = "UIInterfaceOrientationPortrait UIInterfaceOrientationLandscapeLeft UIInterfaceOrientationLandscapeRight";
				LD_RUNPATH_SEARCH_PATHS = (
					"$(inherited)",
					"@executable_path/Frameworks",
				);
				MARKETING_VERSION = 1.0;
				PRODUCT_BUNDLE_IDENTIFIER = com.antony.FriendsGiving;
				PRODUCT_NAME = "$(TARGET_NAME)";
				SWIFT_EMIT_LOC_STRINGS = YES;
				SWIFT_VERSION = 5.0;
				TARGETED_DEVICE_FAMILY = "1,2";
			};
			name = Debug;
		};
		151E23A22AD71967000DD3AE /* Release */ = {
			isa = XCBuildConfiguration;
			buildSettings = {
				ASSETCATALOG_COMPILER_APPICON_NAME = AppIcon;
				ASSETCATALOG_COMPILER_GLOBAL_ACCENT_COLOR_NAME = AccentColor;
				CODE_SIGN_STYLE = Automatic;
				CURRENT_PROJECT_VERSION = 1;
				DEVELOPMENT_ASSET_PATHS = "\"FriendsGiving/Preview Content\"";
				ENABLE_PREVIEWS = YES;
				GENERATE_INFOPLIST_FILE = YES;
				INFOPLIST_FILE = FriendsGiving/Info.plist;
				INFOPLIST_KEY_UIApplicationSceneManifest_Generation = YES;
				INFOPLIST_KEY_UIApplicationSupportsIndirectInputEvents = YES;
				INFOPLIST_KEY_UISupportedInterfaceOrientations_iPad = "UIInterfaceOrientationPortrait UIInterfaceOrientationPortraitUpsideDown UIInterfaceOrientationLandscapeLeft UIInterfaceOrientationLandscapeRight";
				INFOPLIST_KEY_UISupportedInterfaceOrientations_iPhone = "UIInterfaceOrientationPortrait UIInterfaceOrientationLandscapeLeft UIInterfaceOrientationLandscapeRight";
				LD_RUNPATH_SEARCH_PATHS = (
					"$(inherited)",
					"@executable_path/Frameworks",
				);
				MARKETING_VERSION = 1.0;
				PRODUCT_BUNDLE_IDENTIFIER = com.antony.FriendsGiving;
				PRODUCT_NAME = "$(TARGET_NAME)";
				SWIFT_EMIT_LOC_STRINGS = YES;
				SWIFT_VERSION = 5.0;
				TARGETED_DEVICE_FAMILY = "1,2";
			};
			name = Release;
		};
/* End XCBuildConfiguration section */

/* Begin XCConfigurationList section */
		151E238D2AD71966000DD3AE /* Build configuration list for PBXProject "FriendsGiving" */ = {
			isa = XCConfigurationList;
			buildConfigurations = (
				151E239E2AD71967000DD3AE /* Debug */,
				151E239F2AD71967000DD3AE /* Release */,
			);
			defaultConfigurationIsVisible = 0;
			defaultConfigurationName = Release;
		};
		151E23A02AD71967000DD3AE /* Build configuration list for PBXNativeTarget "FriendsGiving" */ = {
			isa = XCConfigurationList;
			buildConfigurations = (
				151E23A12AD71967000DD3AE /* Debug */,
				151E23A22AD71967000DD3AE /* Release */,
			);
			defaultConfigurationIsVisible = 0;
			defaultConfigurationName = Release;
		};
/* End XCConfigurationList section */
	};
	rootObject = 151E238A2AD71966000DD3AE /* Project object */;
}
